
Microsoft Visual Studio Solution File, Format Version 12.00
# Visual Studio Version 17
VisualStudioVersion = 17.0.32126.317
MinimumVisualStudioVersion = 10.0.40219.1
Project("{FAE04EC0-301F-11D3-BF4B-00C04F79EFBC}") = "HRSWebAPI", "HRSWebAPI\HRSWebAPI.csproj", "{220268B5-1D12-4007-8864-1A5F3472AE8F}"
EndProject
Global
	GlobalSection(SolutionConfigurationPlatforms) = preSolution
		Debug|Any CPU = Debug|Any CPU
		Release|Any CPU = Release|Any CPU
	EndGlobalSection
	GlobalSection(ProjectConfigurationPlatforms) = postSolution
		{220268B5-1D12-4007-8864-1A5F3472AE8F}.Debug|Any CPU.ActiveCfg = Debug|Any CPU
		{220268B5-1D12-4007-8864-1A5F3472AE8F}.Debug|Any CPU.Build.0 = Debug|Any CPU
		{220268B5-1D12-4007-8864-1A5F3472AE8F}.Release|Any CPU.ActiveCfg = Release|Any CPU
		{220268B5-1D12-4007-8864-1A5F3472AE8F}.Release|Any CPU.Build.0 = Release|Any CPU
	EndGlobalSection
	GlobalSection(SolutionProperties) = preSolution
		HideSolutionNode = FALSE
	EndGlobalSection
	GlobalSection(ExtensibilityGlobals) = postSolution
		SolutionGuid = {D3EFC865-678D-4798-BAB2-CD9FF137D1C6}
	EndGlobalSection
EndGlobal
